{
  "version": 4,
  "terraform_version": "1.14.5",
  "serial": 116,
  "lineage": "93b105c9-d6fe-fb53-7fc8-9a9952283904",
  "outputs": {},
  "resources": [
    {
      "mode": "data",
      "type": "archive_file",
      "name": "bronze_to_silver",
      "provider": "provider[\"registry.terraform.io/hashicorp/archive\"]",
      "instances": [
        {
          "schema_version": 0,
          "attributes": {
            "exclude_symlink_directories": null,
            "excludes": null,
            "id": "beccf8958f2a1ab1101c0463979dc8aa56e59e83",
            "output_base64sha256": "dC8K83M8mUZm8sKbJkaVb+Ij8HuPQBkQJE2ZLGST+BE=",
            "output_base64sha512": "2TUO6T0JZ+/WocZnK0b9PLFtlss5PDvSlClFk+rAu+HxpBE7Kjaaa18EGon5TCNyVNaoxtbAYYXuWK+0PaPOiQ==",
            "output_file_mode": null,
            "output_md5": "dd24fbd9d36c95098399c7383c7124db",
            "output_path": "./lambdas/bronze_to_silver.zip",
            "output_sha": "beccf8958f2a1ab1101c0463979dc8aa56e59e83",
            "output_sha256": "742f0af3733c994666f2c29b2646956fe223f07b8f401910244d992c6493f811",
            "output_sha512": "d9350ee93d0967efd6a1c6672b46fd3cb16d96cb393c3bd294294593eac0bbe1f1a4113b2a369a6b5f041a89f94c237254d6a8c6d6c06185ee58afb43da3ce89",
            "output_size": 1162,
            "source": [],
            "source_content": null,
            "source_content_filename": null,
            "source_dir": "./lambdas/bronze_to_silver",
            "source_file": null,
            "type": "zip"
          },
          "sensitive_attributes": [],
          "identity_schema_version": 0
        }
      ]
    },
    {
      "mode": "data",
      "type": "archive_file",
      "name": "silver_to_gold",
      "provider": "provider[\"registry.terraform.io/hashicorp/archive\"]",
      "instances": [
        {
          "schema_version": 0,
          "attributes": {
            "exclude_symlink_directories": null,
            "excludes": null,
            "id": "c7d2598e95da874cbf6c1c2004bac3ef3e619966",
            "output_base64sha256": "BbW+9RsEhbHxHt7qUg6mlPQtIWup57hiFHx04aOAgrE=",
            "output_base64sha512": "u/HWIdLbrf3AGQaunjfg6bpHSLVSI2MEGg+tsK3zzdt68PWnNeMtdJf4Om67PdSMvp3NmPX5Lg0ipdKZPkMRig==",
            "output_file_mode": null,
            "output_md5": "31b9a04314001f68477c670fa84dc13d",
            "output_path": "./lambdas/silver_to_gold.zip",
            "output_sha": "c7d2598e95da874cbf6c1c2004bac3ef3e619966",
            "output_sha256": "05b5bef51b0485b1f11edeea520ea694f42d216ba9e7b862147c74e1a38082b1",
            "output_sha512": "bbf1d621d2dbadfdc01906ae9e37e0e9ba4748b5522363041a0fadb0adf3cddb7af0f5a735e32d7497f83a6ebb3dd48cbe9dcd98f5f92e0d22a5d2993e43118a",
            "output_size": 2126,
            "source": [],
            "source_content": null,
            "source_content_filename": null,
            "source_dir": "./lambdas/silver_to_gold",
            "source_file": null,
            "type": "zip"
          },
          "sensitive_attributes": [],
          "identity_schema_version": 0
        }
      ]
    },
    {
      "mode": "managed",
      "type": "aws_athena_workgroup",
      "name": "dataarchpoc01",
      "provider": "provider[\"registry.terraform.io/hashicorp/aws\"]",
      "instances": [
        {
          "schema_version": 0,
          "attributes": {
            "arn": "arn:aws:athena:eu-north-1:290768402831:workgroup/dataarchpoc01",
            "configuration": [
              {
                "bytes_scanned_cutoff_per_query": 0,
                "customer_content_encryption_configuration": [],
                "enable_minimum_encryption_configuration": false,
                "enforce_workgroup_configuration": false,
                "engine_version": [
                  {
                    "effective_engine_version": "Athena engine version 3",
                    "selected_engine_version": "AUTO"
                  }
                ],
                "execution_role": "",
                "identity_center_configuration": [],
                "managed_query_results_configuration": [],
                "monitoring_configuration": [],
                "publish_cloudwatch_metrics_enabled": true,
                "query_results_s3_access_grants_configuration": [],
                "requester_pays_enabled": false,
                "result_configuration": [
                  {
                    "acl_configuration": [],
                    "encryption_configuration": [
                      {
                        "encryption_option": "SSE_S3",
                        "kms_key_arn": ""
                      }
                    ],
                    "expected_bucket_owner": "",
                    "output_location": "s3://dataarchpoc01gold-b88cd8a1/athena-results/"
                  }
                ]
              }
            ],
            "description": "",
            "force_destroy": true,
            "id": "dataarchpoc01",
            "name": "dataarchpoc01",
            "region": "eu-north-1",
            "state": "ENABLED",
            "tags": null,
            "tags_all": {
              "Project": "dataarchpoc01"
            }
          },
          "sensitive_attributes": [],
          "identity_schema_version": 0,
          "private": "bnVsbA==",
          "dependencies": [
            "module.gold_bucket.aws_s3_bucket.this",
            "module.gold_bucket.aws_s3_directory_bucket.this",
            "random_id.suffix"
          ]
        }
      ]
    },
    {
      "mode": "managed",
      "type": "aws_cloudwatch_event_rule",
      "name": "crawler_succeeded",
      "provider": "provider[\"registry.terraform.io/hashicorp/aws\"]",
      "instances": [
        {
          "schema_version": 1,
          "attributes": {
            "arn": "arn:aws:events:eu-north-1:290768402831:rule/dataarchpoc01-crawler-succeeded",
            "description": "Fires when either Glue crawler finishes successfully",
            "event_bus_name": "default",
            "event_pattern": "{\"detail\":{\"crawlerName\":[\"dataarchpoc01-exoplanets\",\"dataarchpoc01-gaia\"],\"state\":[\"Succeeded\"]},\"detail-type\":[\"Glue Crawler State Change\"],\"source\":[\"aws.glue\"]}",
            "force_destroy": false,
            "id": "dataarchpoc01-crawler-succeeded",
            "is_enabled": true,
            "name": "dataarchpoc01-crawler-succeeded",
            "name_prefix": "",
            "region": "eu-north-1",
            "role_arn": "",
            "schedule_expression": "",
            "state": "ENABLED",
            "tags": null,
            "tags_all": {
              "Project": "dataarchpoc01"
            }
          },
          "sensitive_attributes": [],
          "identity_schema_version": 0,
          "identity": {
            "account_id": "290768402831",
            "name": "dataarchpoc01-crawler-succeeded",
            "region": "eu-north-1"
          },
          "private": "eyJzY2hlbWFfdmVyc2lvbiI6IjEifQ==",
          "dependencies": [
            "aws_glue_catalog_database.gaia_catalog",
            "aws_glue_crawler.exoplanets",
            "aws_glue_crawler.gaia",
            "aws_iam_role.glue_crawler",
            "module.silver_bucket.aws_s3_bucket.this",
            "module.silver_bucket.aws_s3_directory_bucket.this",
            "random_id.suffix"
          ]
        }
      ]
    },
    {
      "mode": "managed",
      "type": "aws_cloudwatch_event_target",
      "name": "silver_to_gold",
      "provider": "provider[\"registry.terraform.io/hashicorp/aws\"]",
      "instances": [
        {
          "schema_version": 1,
          "attributes": {
            "appsync_target": [],
            "arn": "arn:aws:lambda:eu-north-1:290768402831:function:dataarchpoc01-silver-to-gold",
            "batch_target": [],
            "dead_letter_config": [],
            "ecs_target": [],
            "event_bus_name": "default",
            "force_destroy": false,
            "http_target": [],
            "id": "dataarchpoc01-crawler-succeeded-silver-to-gold-lambda",
            "input": "",
            "input_path": "",
            "input_transformer": [],
            "kinesis_target": [],
            "redshift_target": [],
            "region": "eu-north-1",
            "retry_policy": [],
            "role_arn": "",
            "rule": "dataarchpoc01-crawler-succeeded",
            "run_command_targets": [],
            "sagemaker_pipeline_target": [],
            "sqs_target": [],
            "target_id": "silver-to-gold-lambda"
          },
          "sensitive_attributes": [],
          "identity_schema_version": 0,
          "identity": {
            "account_id": "290768402831",
            "event_bus_name": "default",
            "region": "eu-north-1",
            "rule": "dataarchpoc01-crawler-succeeded",
            "target_id": "silver-to-gold-lambda"
          },
          "private": "eyJzY2hlbWFfdmVyc2lvbiI6IjEifQ==",
          "dependencies": [
            "aws_athena_workgroup.dataarchpoc01",
            "aws_cloudwatch_event_rule.crawler_succeeded",
            "aws_glue_catalog_database.gaia_catalog",
            "aws_glue_crawler.exoplanets",
            "aws_glue_crawler.gaia",
            "aws_iam_role.glue_crawler",
            "aws_iam_role.silver_to_gold",
            "aws_lambda_function.silver_to_gold",
            "data.archive_file.silver_to_gold",
            "module.gold_bucket.aws_s3_bucket.this",
            "module.gold_bucket.aws_s3_directory_bucket.this",
            "module.silver_bucket.aws_s3_bucket.this",
            "module.silver_bucket.aws_s3_directory_bucket.this",
            "random_id.suffix"
          ]
        }
      ]
    },
    {
      "mode": "managed",
      "type": "aws_cloudwatch_log_group",
      "name": "bronze_to_silver",
      "provider": "provider[\"registry.terraform.io/hashicorp/aws\"]",
      "instances": [
        {
          "schema_version": 0,
          "attributes": {
            "arn": "arn:aws:logs:eu-north-1:290768402831:log-group:/aws/lambda/dataarchpoc01-bronze-to-silver",
            "deletion_protection_enabled": false,
            "id": "/aws/lambda/dataarchpoc01-bronze-to-silver",
            "kms_key_id": "",
            "log_group_class": "STANDARD",
            "name": "/aws/lambda/dataarchpoc01-bronze-to-silver",
            "name_prefix": "",
            "region": "eu-north-1",
            "retention_in_days": 14,
            "skip_destroy": false,
            "tags": null,
            "tags_all": {
              "Project": "dataarchpoc01"
            }
          },
          "sensitive_attributes": [],
          "identity_schema_version": 0,
          "identity": {
            "account_id": "290768402831",
            "name": "/aws/lambda/dataarchpoc01-bronze-to-silver",
            "region": "eu-north-1"
          },
          "private": "bnVsbA==",
          "dependencies": [
            "aws_glue_job.gaia_etl",
            "aws_iam_role.bronze_to_silver",
            "aws_iam_role.glue_etl",
            "aws_lambda_function.bronze_to_silver",
            "aws_s3_object.gaia_etl_script",
            "data.archive_file.bronze_to_silver",
            "module.silver_bucket.aws_s3_bucket.this",
            "module.silver_bucket.aws_s3_directory_bucket.this",
            "random_id.suffix"
          ]
        }
      ]
    },
    {
      "mode": "managed",
      "type": "aws_cloudwatch_log_group",
      "name": "silver_to_gold",
      "provider": "provider[\"registry.terraform.io/hashicorp/aws\"]",
      "instances": [
        {
          "schema_version": 0,
          "attributes": {
            "arn": "arn:aws:logs:eu-north-1:290768402831:log-group:/aws/lambda/dataarchpoc01-silver-to-gold",
            "deletion_protection_enabled": false,
            "id": "/aws/lambda/dataarchpoc01-silver-to-gold",
            "kms_key_id": "",
            "log_group_class": "STANDARD",
            "name": "/aws/lambda/dataarchpoc01-silver-to-gold",
            "name_prefix": "",
            "region": "eu-north-1",
            "retention_in_days": 14,
            "skip_destroy": false,
            "tags": null,
            "tags_all": {
              "Project": "dataarchpoc01"
            }
          },
          "sensitive_attributes": [],
          "identity_schema_version": 0,
          "identity": {
            "account_id": "290768402831",
            "name": "/aws/lambda/dataarchpoc01-silver-to-gold",
            "region": "eu-north-1"
          },
          "private": "bnVsbA==",
          "dependencies": [
            "aws_athena_workgroup.dataarchpoc01",
            "aws_glue_catalog_database.gaia_catalog",
            "aws_iam_role.silver_to_gold",
            "aws_lambda_function.silver_to_gold",
            "data.archive_file.silver_to_gold",
            "module.gold_bucket.aws_s3_bucket.this",
            "module.gold_bucket.aws_s3_directory_bucket.this",
            "module.silver_bucket.aws_s3_bucket.this",
            "module.silver_bucket.aws_s3_directory_bucket.this",
            "random_id.suffix"
          ]
        }
      ]
    },
    {
      "mode": "managed",
      "type": "aws_glue_catalog_database",
      "name": "gaia_catalog",
      "provider": "provider[\"registry.terraform.io/hashicorp/aws\"]",
      "instances": [
        {
          "schema_version": 0,
          "attributes": {
            "arn": "arn:aws:glue:eu-north-1:290768402831:database/dataarchpoc01",
            "catalog_id": "290768402831",
            "create_table_default_permission": [
              {
                "permissions": [
                  "ALL"
                ],
                "principal": [
                  {
                    "data_lake_principal_identifier": "IAM_ALLOWED_PRINCIPALS"
                  }
                ]
              }
            ],
            "description": "",
            "federated_database": [],
            "id": "290768402831:dataarchpoc01",
            "location_uri": "",
            "name": "dataarchpoc01",
            "parameters": null,
            "region": "eu-north-1",
            "tags": null,
            "tags_all": {
              "Project": "dataarchpoc01"
            },
            "target_database": []
          },
          "sensitive_attributes": [],
          "identity_schema_version": 0,
          "private": "bnVsbA=="
        }
      ]
    },
    {
      "mode": "managed",
      "type": "aws_glue_crawler",
      "name": "exoplanets",
      "provider": "provider[\"registry.terraform.io/hashicorp/aws\"]",
      "instances": [
        {
          "schema_version": 0,
          "attributes": {
            "arn": "arn:aws:glue:eu-north-1:290768402831:crawler/dataarchpoc01-exoplanets",
            "catalog_target": [],
            "classifiers": null,
            "configuration": "{\"Version\":1.0,\"CrawlerOutput\":{\"Partitions\":{\"AddOrUpdateBehavior\":\"InheritFromTable\"}}}",
            "database_name": "dataarchpoc01",
            "delta_target": [],
            "description": "",
            "dynamodb_target": [],
            "hudi_target": [],
            "iceberg_target": [],
            "id": "dataarchpoc01-exoplanets",
            "jdbc_target": [],
            "lake_formation_configuration": [
              {
                "account_id": "",
                "use_lake_formation_credentials": false
              }
            ],
            "lineage_configuration": [
              {
                "crawler_lineage_settings": "DISABLE"
              }
            ],
            "mongodb_target": [],
            "name": "dataarchpoc01-exoplanets",
            "recrawl_policy": [
              {
                "recrawl_behavior": "CRAWL_EVERYTHING"
              }
            ],
            "region": "eu-north-1",
            "role": "dataarchpoc01-glue-crawler",
            "s3_target": [
              {
                "connection_name": "",
                "dlq_event_queue_arn": "",
                "event_queue_arn": "",
                "exclusions": null,
                "path": "s3://dataarchpoc01silver-b88cd8a1/exoplanets/",
                "sample_size": 0
              }
            ],
            "schedule": "",
            "schema_change_policy": [
              {
                "delete_behavior": "LOG",
                "update_behavior": "UPDATE_IN_DATABASE"
              }
            ],
            "security_configuration": "",
            "table_prefix": "",
            "tags": null,
            "tags_all": {
              "Project": "dataarchpoc01"
            }
          },
          "sensitive_attributes": [],
          "identity_schema_version": 0,
          "private": "bnVsbA==",
          "dependencies": [
            "aws_glue_catalog_database.gaia_catalog",
            "aws_iam_role.glue_crawler",
            "module.silver_bucket.aws_s3_bucket.this",
            "module.silver_bucket.aws_s3_directory_bucket.this",
            "random_id.suffix"
          ]
        }
      ]
    },
    {
      "mode": "managed",
      "type": "aws_glue_crawler",
      "name": "gaia",
      "provider": "provider[\"registry.terraform.io/hashicorp/aws\"]",
      "instances": [
        {
          "schema_version": 0,
          "attributes": {
            "arn": "arn:aws:glue:eu-north-1:290768402831:crawler/dataarchpoc01-gaia",
            "catalog_target": [],
            "classifiers": null,
            "configuration": "{\"Version\":1.0,\"CrawlerOutput\":{\"Partitions\":{\"AddOrUpdateBehavior\":\"InheritFromTable\"}}}",
            "database_name": "dataarchpoc01",
            "delta_target": [],
            "description": "",
            "dynamodb_target": [],
            "hudi_target": [],
            "iceberg_target": [],
            "id": "dataarchpoc01-gaia",
            "jdbc_target": [],
            "lake_formation_configuration": [
              {
                "account_id": "",
                "use_lake_formation_credentials": false
              }
            ],
            "lineage_configuration": [
              {
                "crawler_lineage_settings": "DISABLE"
              }
            ],
            "mongodb_target": [],
            "name": "dataarchpoc01-gaia",
            "recrawl_policy": [
              {
                "recrawl_behavior": "CRAWL_EVERYTHING"
              }
            ],
            "region": "eu-north-1",
            "role": "dataarchpoc01-glue-crawler",
            "s3_target": [
              {
                "connection_name": "",
                "dlq_event_queue_arn": "",
                "event_queue_arn": "",
                "exclusions": null,
                "path": "s3://dataarchpoc01silver-b88cd8a1/gaia/",
                "sample_size": 0
              }
            ],
            "schedule": "",
            "schema_change_policy": [
              {
                "delete_behavior": "LOG",
                "update_behavior": "UPDATE_IN_DATABASE"
              }
            ],
            "security_configuration": "",
            "table_prefix": "",
            "tags": null,
            "tags_all": {
              "Project": "dataarchpoc01"
            }
          },
          "sensitive_attributes": [],
          "identity_schema_version": 0,
          "private": "bnVsbA==",
          "dependencies": [
            "aws_glue_catalog_database.gaia_catalog",
            "aws_iam_role.glue_crawler",
            "module.silver_bucket.aws_s3_bucket.this",
            "module.silver_bucket.aws_s3_directory_bucket.this",
            "random_id.suffix"
          ]
        }
      ]
    },
    {
      "mode": "managed",
      "type": "aws_glue_job",
      "name": "gaia_etl",
      "provider": "provider[\"registry.terraform.io/hashicorp/aws\"]",
      "instances": [
        {
          "schema_version": 0,
          "attributes": {
            "arn": "arn:aws:glue:eu-north-1:290768402831:job/dataarchpoc01-gaia-etl",
            "command": [
              {
                "name": "glueetl",
                "python_version": "3",
                "runtime": "",
                "script_location": "s3://dataarchpoc01silver-b88cd8a1/scripts/gaia_etl.py"
              }
            ],
            "connections": null,
            "default_arguments": {
              "--TempDir": "s3://dataarchpoc01silver-b88cd8a1/tmp/",
              "--enable-continuous-cloudwatch-log": "true",
              "--enable-metrics": "true",
              "--job-language": "python"
            },
            "description": "",
            "execution_class": "",
            "execution_property": [
              {
                "max_concurrent_runs": 1
              }
            ],
            "glue_version": "4.0",
            "id": "dataarchpoc01-gaia-etl",
            "job_mode": "SCRIPT",
            "job_run_queuing_enabled": false,
            "maintenance_window": "",
            "max_capacity": 2,
            "max_retries": 0,
            "name": "dataarchpoc01-gaia-etl",
            "non_overridable_arguments": null,
            "notification_property": [],
            "number_of_workers": 2,
            "region": "eu-north-1",
            "role_arn": "arn:aws:iam::290768402831:role/dataarchpoc01-glue-etl",
            "security_configuration": "",
            "source_control_details": [],
            "tags": null,
            "tags_all": {
              "Project": "dataarchpoc01"
            },
            "timeout": 60,
            "worker_type": "G.1X"
          },
          "sensitive_attributes": [],
          "identity_schema_version": 0,
          "identity": {
            "account_id": "290768402831",
            "name": "dataarchpoc01-gaia-etl",
            "region": "eu-north-1"
          },
          "private": "bnVsbA==",
          "dependencies": [
            "aws_iam_role.glue_etl",
            "aws_s3_object.gaia_etl_script",
            "module.silver_bucket.aws_s3_bucket.this",
            "module.silver_bucket.aws_s3_directory_bucket.this",
            "random_id.suffix"
          ]
        }
      ]
    },
    {
      "mode": "managed",
      "type": "aws_iam_role",
      "name": "bronze_to_silver",
      "provider": "provider[\"registry.terraform.io/hashicorp/aws\"]",
      "instances": [
        {
          "schema_version": 0,
          "attributes": {
            "arn": "arn:aws:iam::290768402831:role/dataarchpoc01-bronze-to-silver",
            "assume_role_policy": "{\"Statement\":[{\"Action\":\"sts:AssumeRole\",\"Effect\":\"Allow\",\"Principal\":{\"Service\":\"lambda.amazonaws.com\"}}],\"Version\":\"2012-10-17\"}",
            "create_date": "2026-05-05T13:11:14Z",
            "description": "",
            "force_detach_policies": false,
            "id": "dataarchpoc01-bronze-to-silver",
            "inline_policy": [],
            "managed_policy_arns": [],
            "max_session_duration": 3600,
            "name": "dataarchpoc01-bronze-to-silver",
            "name_prefix": "",
            "path": "/",
            "permissions_boundary": "",
            "tags": null,
            "tags_all": {
              "Project": "dataarchpoc01"
            },
            "unique_id": "AROAUHMZFXGHVO33D7DKW"
          },
          "sensitive_attributes": [],
          "identity_schema_version": 0,
          "identity": {
            "account_id": "290768402831",
            "name": "dataarchpoc01-bronze-to-silver"
          },
          "private": "bnVsbA=="
        }
      ]
    },
    {
      "mode": "managed",
      "type": "aws_iam_role",
      "name": "glue_crawler",
      "provider": "provider[\"registry.terraform.io/hashicorp/aws\"]",
      "instances": [
        {
          "schema_version": 0,
          "attributes": {
            "arn": "arn:aws:iam::290768402831:role/dataarchpoc01-glue-crawler",
            "assume_role_policy": "{\"Statement\":[{\"Action\":\"sts:AssumeRole\",\"Effect\":\"Allow\",\"Principal\":{\"Service\":\"glue.amazonaws.com\"}}],\"Version\":\"2012-10-17\"}",
            "create_date": "2026-05-05T13:11:14Z",
            "description": "",
            "force_detach_policies": false,
            "id": "dataarchpoc01-glue-crawler",
            "inline_policy": [],
            "managed_policy_arns": [],
            "max_session_duration": 3600,
            "name": "dataarchpoc01-glue-crawler",
            "name_prefix": "",
            "path": "/",
            "permissions_boundary": "",
            "tags": null,
            "tags_all": {
              "Project": "dataarchpoc01"
            },
            "unique_id": "AROAUHMZFXGHQHUSNH34W"
          },
          "sensitive_attributes": [],
          "identity_schema_version": 0,
          "identity": {
            "account_id": "290768402831",
            "name": "dataarchpoc01-glue-crawler"
          },
          "private": "bnVsbA=="
        }
      ]
    },
    {
      "mode": "managed",
      "type": "aws_iam_role",
      "name": "glue_etl",
      "provider": "provider[\"registry.terraform.io/hashicorp/aws\"]",
      "instances": [
        {
          "schema_version": 0,
          "attributes": {
            "arn": "arn:aws:iam::290768402831:role/dataarchpoc01-glue-etl",
            "assume_role_policy": "{\"Statement\":[{\"Action\":\"sts:AssumeRole\",\"Effect\":\"Allow\",\"Principal\":{\"Service\":\"glue.amazonaws.com\"}}],\"Version\":\"2012-10-17\"}",
            "create_date": "2026-05-05T13:11:14Z",
            "description": "",
            "force_detach_policies": false,
            "id": "dataarchpoc01-glue-etl",
            "inline_policy": [],
            "managed_policy_arns": [],
            "max_session_duration": 3600,
            "name": "dataarchpoc01-glue-etl",
            "name_prefix": "",
            "path": "/",
            "permissions_boundary": "",
            "tags": null,
            "tags_all": {
              "Project": "dataarchpoc01"
            },
            "unique_id": "AROAUHMZFXGHWJQS2A25K"
          },
          "sensitive_attributes": [],
          "identity_schema_version": 0,
          "identity": {
            "account_id": "290768402831",
            "name": "dataarchpoc01-glue-etl"
          },
          "private": "bnVsbA=="
        }
      ]
    },
    {
      "mode": "managed",
      "type": "aws_iam_role",
      "name": "silver_to_gold",
      "provider": "provider[\"registry.terraform.io/hashicorp/aws\"]",
      "instances": [
        {
          "schema_version": 0,
          "attributes": {
            "arn": "arn:aws:iam::290768402831:role/dataarchpoc01-silver-to-gold",
            "assume_role_policy": "{\"Statement\":[{\"Action\":\"sts:AssumeRole\",\"Effect\":\"Allow\",\"Principal\":{\"Service\":\"lambda.amazonaws.com\"}}],\"Version\":\"2012-10-17\"}",
            "create_date": "2026-05-05T13:11:14Z",
            "description": "",
            "force_detach_policies": false,
            "id": "dataarchpoc01-silver-to-gold",
            "inline_policy": [],
            "managed_policy_arns": [],
            "max_session_duration": 3600,
            "name": "dataarchpoc01-silver-to-gold",
            "name_prefix": "",
            "path": "/",
            "permissions_boundary": "",
            "tags": null,
            "tags_all": {
              "Project": "dataarchpoc01"
            },
            "unique_id": "AROAUHMZFXGHRW5K6Q7NT"
          },
          "sensitive_attributes": [],
          "identity_schema_version": 0,
          "identity": {
            "account_id": "290768402831",
            "name": "dataarchpoc01-silver-to-gold"
          },
          "private": "bnVsbA=="
        }
      ]
    },
    {
      "mode": "managed",
      "type": "aws_iam_role_policy",
      "name": "glue_etl_s3",
      "provider": "provider[\"registry.terraform.io/hashicorp/aws\"]",
      "instances": [
        {
          "schema_version": 0,
          "attributes": {
            "id": "dataarchpoc01-glue-etl:dataarchpoc01-glue-etl-s3",
            "name": "dataarchpoc01-glue-etl-s3",
            "name_prefix": "",
            "policy": "{\"Version\":\"2012-10-17\",\"Statement\":[{\"Action\":[\"s3:GetObject\",\"s3:ListBucket\"],\"Effect\":\"Allow\",\"Resource\":[\"arn:aws:s3:::dataarchpoc01bronze-b88cd8a1\",\"arn:aws:s3:::dataarchpoc01bronze-b88cd8a1/*\"]},{\"Action\":[\"s3:GetObject\",\"s3:PutObject\",\"s3:DeleteObject\",\"s3:ListBucket\"],\"Effect\":\"Allow\",\"Resource\":[\"arn:aws:s3:::dataarchpoc01silver-b88cd8a1\",\"arn:aws:s3:::dataarchpoc01silver-b88cd8a1/*\"]},{\"Action\":[\"glue:StartCrawler\",\"glue:GetCrawler\"],\"Effect\":\"Allow\",\"Resource\":\"arn:aws:glue:eu-north-1:*:crawler/dataarchpoc01-gaia\"}]}",
            "role": "dataarchpoc01-glue-etl"
          },
          "sensitive_attributes": [],
          "identity_schema_version": 0,
          "identity": {
            "account_id": "290768402831",
            "name": "dataarchpoc01-glue-etl-s3",
            "role": "dataarchpoc01-glue-etl"
          },
          "private": "bnVsbA==",
          "dependencies": [
            "aws_iam_role.glue_etl",
            "module.bronze_bucket.aws_s3_bucket.this",
            "module.silver_bucket.aws_s3_bucket.this",
            "random_id.suffix"
          ]
        }
      ]
    },
    {
      "mode": "managed",
      "type": "aws_iam_role_policy",
      "name": "glue_s3_read",
      "provider": "provider[\"registry.terraform.io/hashicorp/aws\"]",
      "instances": [
        {
          "schema_version": 0,
          "attributes": {
            "id": "dataarchpoc01-glue-crawler:dataarchpoc01-glue-s3-read",
            "name": "dataarchpoc01-glue-s3-read",
            "name_prefix": "",
            "policy": "{\"Version\":\"2012-10-17\",\"Statement\":[{\"Action\":[\"s3:GetObject\",\"s3:ListBucket\"],\"Effect\":\"Allow\",\"Resource\":[\"arn:aws:s3:::dataarchpoc01silver-b88cd8a1\",\"arn:aws:s3:::dataarchpoc01silver-b88cd8a1/*\"]}]}",
            "role": "dataarchpoc01-glue-crawler"
          },
          "sensitive_attributes": [],
          "identity_schema_version": 0,
          "identity": {
            "account_id": "290768402831",
            "name": "dataarchpoc01-glue-s3-read",
            "role": "dataarchpoc01-glue-crawler"
          },
          "private": "bnVsbA==",
          "dependencies": [
            "aws_iam_role.glue_crawler",
            "module.silver_bucket.aws_s3_bucket.this",
            "random_id.suffix"
          ]
        }
      ]
    },
    {
      "mode": "managed",
      "type": "aws_iam_role_policy",
      "name": "lambda_s3",
      "provider": "provider[\"registry.terraform.io/hashicorp/aws\"]",
      "instances": [
        {
          "schema_version": 0,
          "attributes": {
            "id": "dataarchpoc01-bronze-to-silver:dataarchpoc01-lambda-s3",
            "name": "dataarchpoc01-lambda-s3",
            "name_prefix": "",
            "policy": "{\"Version\":\"2012-10-17\",\"Statement\":[{\"Action\":[\"s3:GetObject\",\"s3:ListBucket\"],\"Effect\":\"Allow\",\"Resource\":[\"arn:aws:s3:::dataarchpoc01bronze-b88cd8a1\",\"arn:aws:s3:::dataarchpoc01bronze-b88cd8a1/*\"]},{\"Action\":[\"s3:PutObject\"],\"Effect\":\"Allow\",\"Resource\":\"arn:aws:s3:::dataarchpoc01silver-b88cd8a1/*\"},{\"Action\":[\"glue:StartCrawler\",\"glue:GetCrawler\"],\"Effect\":\"Allow\",\"Resource\":\"arn:aws:glue:eu-north-1:*:crawler/dataarchpoc01-exoplanets\"},{\"Action\":[\"glue:StartJobRun\",\"glue:GetJobRun\"],\"Effect\":\"Allow\",\"Resource\":\"arn:aws:glue:eu-north-1:*:job/dataarchpoc01-gaia-etl\"}]}",
            "role": "dataarchpoc01-bronze-to-silver"
          },
          "sensitive_attributes": [],
          "identity_schema_version": 0,
          "identity": {
            "account_id": "290768402831",
            "name": "dataarchpoc01-lambda-s3",
            "role": "dataarchpoc01-bronze-to-silver"
          },
          "private": "bnVsbA==",
          "dependencies": [
            "aws_iam_role.bronze_to_silver",
            "module.bronze_bucket.aws_s3_bucket.this",
            "module.silver_bucket.aws_s3_bucket.this",
            "random_id.suffix"
          ]
        }
      ]
    },
    {
      "mode": "managed",
      "type": "aws_iam_role_policy",
      "name": "silver_to_gold_policy",
      "provider": "provider[\"registry.terraform.io/hashicorp/aws\"]",
      "instances": [
        {
          "schema_version": 0,
          "attributes": {
            "id": "dataarchpoc01-silver-to-gold:dataarchpoc01-silver-to-gold-policy",
            "name": "dataarchpoc01-silver-to-gold-policy",
            "name_prefix": "",
            "policy": "{\"Version\":\"2012-10-17\",\"Statement\":[{\"Action\":[\"s3:GetObject\",\"s3:ListBucket\"],\"Effect\":\"Allow\",\"Resource\":[\"arn:aws:s3:::dataarchpoc01silver-b88cd8a1\",\"arn:aws:s3:::dataarchpoc01silver-b88cd8a1/*\"]},{\"Action\":[\"s3:PutObject\",\"s3:DeleteObject\",\"s3:ListBucket\"],\"Effect\":\"Allow\",\"Resource\":[\"arn:aws:s3:::dataarchpoc01silver-b88cd8a1\",\"arn:aws:s3:::dataarchpoc01silver-b88cd8a1/*\"]},{\"Action\":[\"s3:GetObject\",\"s3:PutObject\",\"s3:DeleteObject\",\"s3:ListBucket\",\"s3:GetBucketLocation\"],\"Effect\":\"Allow\",\"Resource\":[\"arn:aws:s3:::dataarchpoc01gold-b88cd8a1\",\"arn:aws:s3:::dataarchpoc01gold-b88cd8a1/*\"]},{\"Action\":[\"athena:StartQueryExecution\",\"athena:GetQueryExecution\",\"athena:GetQueryResults\"],\"Effect\":\"Allow\",\"Resource\":\"arn:aws:athena:eu-north-1:*:workgroup/dataarchpoc01\"},{\"Action\":[\"glue:GetTable\",\"glue:GetTables\",\"glue:GetDatabase\",\"glue:GetPartitions\",\"glue:CreateTable\",\"glue:DeleteTable\",\"glue:UpdateTable\"],\"Effect\":\"Allow\",\"Resource\":[\"arn:aws:glue:eu-north-1:*:catalog\",\"arn:aws:glue:eu-north-1:*:database/dataarchpoc01\",\"arn:aws:glue:eu-north-1:*:table/dataarchpoc01/*\"]}]}",
            "role": "dataarchpoc01-silver-to-gold"
          },
          "sensitive_attributes": [],
          "identity_schema_version": 0,
          "identity": {
            "account_id": "290768402831",
            "name": "dataarchpoc01-silver-to-gold-policy",
            "role": "dataarchpoc01-silver-to-gold"
          },
          "private": "bnVsbA==",
          "dependencies": [
            "aws_athena_workgroup.dataarchpoc01",
            "aws_glue_catalog_database.gaia_catalog",
            "aws_iam_role.silver_to_gold",
            "module.gold_bucket.aws_s3_bucket.this",
            "module.gold_bucket.aws_s3_directory_bucket.this",
            "module.silver_bucket.aws_s3_bucket.this",
            "random_id.suffix"
          ]
        }
      ]
    },
    {
      "mode": "managed",
      "type": "aws_iam_role_policy_attachment",
      "name": "glue_etl_service",
      "provider": "provider[\"registry.terraform.io/hashicorp/aws\"]",
      "instances": [
        {
          "schema_version": 0,
          "attributes": {
            "id": "dataarchpoc01-glue-etl/arn:aws:iam::aws:policy/service-role/AWSGlueServiceRole",
            "policy_arn": "arn:aws:iam::aws:policy/service-role/AWSGlueServiceRole",
            "role": "dataarchpoc01-glue-etl"
          },
          "sensitive_attributes": [],
          "identity_schema_version": 0,
          "identity": {
            "account_id": "290768402831",
            "policy_arn": "arn:aws:iam::aws:policy/service-role/AWSGlueServiceRole",
            "role": "dataarchpoc01-glue-etl"
          },
          "private": "bnVsbA==",
          "dependencies": [
            "aws_iam_role.glue_etl"
          ]
        }
      ]
    },
    {
      "mode": "managed",
      "type": "aws_iam_role_policy_attachment",
      "name": "glue_service",
      "provider": "provider[\"registry.terraform.io/hashicorp/aws\"]",
      "instances": [
        {
          "schema_version": 0,
          "attributes": {
            "id": "dataarchpoc01-glue-crawler/arn:aws:iam::aws:policy/service-role/AWSGlueServiceRole",
            "policy_arn": "arn:aws:iam::aws:policy/service-role/AWSGlueServiceRole",
            "role": "dataarchpoc01-glue-crawler"
          },
          "sensitive_attributes": [],
          "identity_schema_version": 0,
          "identity": {
            "account_id": "290768402831",
            "policy_arn": "arn:aws:iam::aws:policy/service-role/AWSGlueServiceRole",
            "role": "dataarchpoc01-glue-crawler"
          },
          "private": "bnVsbA==",
          "dependencies": [
            "aws_iam_role.glue_crawler"
          ]
        }
      ]
    },
    {
      "mode": "managed",
      "type": "aws_iam_role_policy_attachment",
      "name": "lambda_basic_logs",
      "provider": "provider[\"registry.terraform.io/hashicorp/aws\"]",
      "instances": [
        {
          "schema_version": 0,
          "attributes": {
            "id": "dataarchpoc01-bronze-to-silver/arn:aws:iam::aws:policy/service-role/AWSLambdaBasicExecutionRole",
            "policy_arn": "arn:aws:iam::aws:policy/service-role/AWSLambdaBasicExecutionRole",
            "role": "dataarchpoc01-bronze-to-silver"
          },
          "sensitive_attributes": [],
          "identity_schema_version": 0,
          "identity": {
            "account_id": "290768402831",
            "policy_arn": "arn:aws:iam::aws:policy/service-role/AWSLambdaBasicExecutionRole",
            "role": "dataarchpoc01-bronze-to-silver"
          },
          "private": "bnVsbA==",
          "dependencies": [
            "aws_iam_role.bronze_to_silver"
          ]
        }
      ]
    },
    {
      "mode": "managed",
      "type": "aws_iam_role_policy_attachment",
      "name": "silver_to_gold_logs",
      "provider": "provider[\"registry.terraform.io/hashicorp/aws\"]",
      "instances": [
        {
          "schema_version": 0,
          "attributes": {
            "id": "dataarchpoc01-silver-to-gold/arn:aws:iam::aws:policy/service-role/AWSLambdaBasicExecutionRole",
            "policy_arn": "arn:aws:iam::aws:policy/service-role/AWSLambdaBasicExecutionRole",
            "role": "dataarchpoc01-silver-to-gold"
          },
          "sensitive_attributes": [],
          "identity_schema_version": 0,
          "identity": {
            "account_id": "290768402831",
            "policy_arn": "arn:aws:iam::aws:policy/service-role/AWSLambdaBasicExecutionRole",
            "role": "dataarchpoc01-silver-to-gold"
          },
          "private": "bnVsbA==",
          "dependencies": [
            "aws_iam_role.silver_to_gold"
          ]
        }
      ]
    },
    {
      "mode": "managed",
      "type": "aws_lambda_function",
      "name": "bronze_to_silver",
      "provider": "provider[\"registry.terraform.io/hashicorp/aws\"]",
      "instances": [
        {
          "schema_version": 0,
          "attributes": {
            "architectures": [
              "x86_64"
            ],
            "arn": "arn:aws:lambda:eu-north-1:290768402831:function:dataarchpoc01-bronze-to-silver",
            "capacity_provider_config": [],
            "code_sha256": "dC8K83M8mUZm8sKbJkaVb+Ij8HuPQBkQJE2ZLGST+BE=",
            "code_signing_config_arn": "",
            "dead_letter_config": [],
            "description": "",
            "durable_config": [],
            "environment": [
              {
                "variables": {
                  "GLUE_JOB_NAME": "dataarchpoc01-gaia-etl",
                  "SILVER_BUCKET": "dataarchpoc01silver-b88cd8a1"
                }
              }
            ],
            "ephemeral_storage": [
              {
                "size": 2048
              }
            ],
            "file_system_config": [],
            "filename": "./lambdas/bronze_to_silver.zip",
            "function_name": "dataarchpoc01-bronze-to-silver",
            "handler": "index.handler",
            "id": "dataarchpoc01-bronze-to-silver",
            "image_config": [],
            "image_uri": "",
            "invoke_arn": "arn:aws:apigateway:eu-north-1:lambda:path/2015-03-31/functions/arn:aws:lambda:eu-north-1:290768402831:function:dataarchpoc01-bronze-to-silver/invocations",
            "kms_key_arn": "",
            "last_modified": "2026-05-05T13:11:29.676+0000",
            "layers": [
              "arn:aws:lambda:eu-north-1:336392948345:layer:AWSSDKPandas-Python313:9"
            ],
            "logging_config": [
              {
                "application_log_level": "",
                "log_format": "Text",
                "log_group": "/aws/lambda/dataarchpoc01-bronze-to-silver",
                "system_log_level": ""
              }
            ],
            "memory_size": 2048,
            "package_type": "Zip",
            "publish": false,
            "publish_to": null,
            "qualified_arn": "arn:aws:lambda:eu-north-1:290768402831:function:dataarchpoc01-bronze-to-silver:$LATEST",
            "qualified_invoke_arn": "arn:aws:apigateway:eu-north-1:lambda:path/2015-03-31/functions/arn:aws:lambda:eu-north-1:290768402831:function:dataarchpoc01-bronze-to-silver:$LATEST/invocations",
            "region": "eu-north-1",
            "replace_security_groups_on_destroy": null,
            "replacement_security_group_ids": null,
            "reserved_concurrent_executions": -1,
            "response_streaming_invoke_arn": "arn:aws:apigateway:eu-north-1:lambda:path/2021-11-15/functions/arn:aws:lambda:eu-north-1:290768402831:function:dataarchpoc01-bronze-to-silver/response-streaming-invocations",
            "role": "arn:aws:iam::290768402831:role/dataarchpoc01-bronze-to-silver",
            "runtime": "python3.13",
            "s3_bucket": null,
            "s3_key": null,
            "s3_object_version": null,
            "signing_job_arn": "",
            "signing_profile_version_arn": "",
            "skip_destroy": false,
            "snap_start": [],
            "source_code_hash": "dC8K83M8mUZm8sKbJkaVb+Ij8HuPQBkQJE2ZLGST+BE=",
            "source_code_size": 1162,
            "source_kms_key_arn": "",
            "tags": null,
            "tags_all": {
              "Project": "dataarchpoc01"
            },
            "tenancy_config": [],
            "timeout": 900,
            "timeouts": null,
            "tracing_config": [
              {
                "mode": "PassThrough"
              }
            ],
            "version": "$LATEST",
            "vpc_config": []
          },
          "sensitive_attributes": [],
          "identity_schema_version": 0,
          "identity": {
            "account_id": "290768402831",
            "function_name": "dataarchpoc01-bronze-to-silver",
            "region": "eu-north-1"
          },
          "private": "eyJlMmJmYjczMC1lY2FhLTExZTYtOGY4OC0zNDM2M2JjN2M0YzAiOnsiY3JlYXRlIjo2MDAwMDAwMDAwMDAsImRlbGV0ZSI6NjAwMDAwMDAwMDAwLCJ1cGRhdGUiOjYwMDAwMDAwMDAwMH19",
          "dependencies": [
            "aws_glue_job.gaia_etl",
            "aws_iam_role.bronze_to_silver",
            "aws_iam_role.glue_etl",
            "aws_s3_object.gaia_etl_script",
            "data.archive_file.bronze_to_silver",
            "module.silver_bucket.aws_s3_bucket.this",
            "module.silver_bucket.aws_s3_directory_bucket.this",
            "random_id.suffix"
          ]
        }
      ]
    },
    {
      "mode": "managed",
      "type": "aws_lambda_function",
      "name": "silver_to_gold",
      "provider": "provider[\"registry.terraform.io/hashicorp/aws\"]",
      "instances": [
        {
          "schema_version": 0,
          "attributes": {
            "architectures": [
              "x86_64"
            ],
            "arn": "arn:aws:lambda:eu-north-1:290768402831:function:dataarchpoc01-silver-to-gold",
            "capacity_provider_config": [],
            "code_sha256": "BbW+9RsEhbHxHt7qUg6mlPQtIWup57hiFHx04aOAgrE=",
            "code_signing_config_arn": "",
            "dead_letter_config": [],
            "description": "",
            "durable_config": [],
            "environment": [
              {
                "variables": {
                  "ATHENA_WORKGROUP": "dataarchpoc01",
                  "GLUE_DATABASE": "dataarchpoc01",
                  "GOLD_BUCKET": "dataarchpoc01gold-b88cd8a1",
                  "SILVER_BUCKET": "dataarchpoc01silver-b88cd8a1"
                }
              }
            ],
            "ephemeral_storage": [
              {
                "size": 512
              }
            ],
            "file_system_config": [],
            "filename": "./lambdas/silver_to_gold.zip",
            "function_name": "dataarchpoc01-silver-to-gold",
            "handler": "index.handler",
            "id": "dataarchpoc01-silver-to-gold",
            "image_config": [],
            "image_uri": "",
            "invoke_arn": "arn:aws:apigateway:eu-north-1:lambda:path/2015-03-31/functions/arn:aws:lambda:eu-north-1:290768402831:function:dataarchpoc01-silver-to-gold/invocations",
            "kms_key_arn": "",
            "last_modified": "2026-05-05T13:11:23.714+0000",
            "layers": null,
            "logging_config": [
              {
                "application_log_level": "",
                "log_format": "Text",
                "log_group": "/aws/lambda/dataarchpoc01-silver-to-gold",
                "system_log_level": ""
              }
            ],
            "memory_size": 256,
            "package_type": "Zip",
            "publish": false,
            "publish_to": null,
            "qualified_arn": "arn:aws:lambda:eu-north-1:290768402831:function:dataarchpoc01-silver-to-gold:$LATEST",
            "qualified_invoke_arn": "arn:aws:apigateway:eu-north-1:lambda:path/2015-03-31/functions/arn:aws:lambda:eu-north-1:290768402831:function:dataarchpoc01-silver-to-gold:$LATEST/invocations",
            "region": "eu-north-1",
            "replace_security_groups_on_destroy": null,
            "replacement_security_group_ids": null,
            "reserved_concurrent_executions": -1,
            "response_streaming_invoke_arn": "arn:aws:apigateway:eu-north-1:lambda:path/2021-11-15/functions/arn:aws:lambda:eu-north-1:290768402831:function:dataarchpoc01-silver-to-gold/response-streaming-invocations",
            "role": "arn:aws:iam::290768402831:role/dataarchpoc01-silver-to-gold",
            "runtime": "python3.13",
            "s3_bucket": null,
            "s3_key": null,
            "s3_object_version": null,
            "signing_job_arn": "",
            "signing_profile_version_arn": "",
            "skip_destroy": false,
            "snap_start": [],
            "source_code_hash": "BbW+9RsEhbHxHt7qUg6mlPQtIWup57hiFHx04aOAgrE=",
            "source_code_size": 2126,
            "source_kms_key_arn": "",
            "tags": null,
            "tags_all": {
              "Project": "dataarchpoc01"
            },
            "tenancy_config": [],
            "timeout": 300,
            "timeouts": null,
            "tracing_config": [
              {
                "mode": "PassThrough"
              }
            ],
            "version": "$LATEST",
            "vpc_config": []
          },
          "sensitive_attributes": [],
          "identity_schema_version": 0,
          "identity": {
            "account_id": "290768402831",
            "function_name": "dataarchpoc01-silver-to-gold",
            "region": "eu-north-1"
          },
          "private": "eyJlMmJmYjczMC1lY2FhLTExZTYtOGY4OC0zNDM2M2JjN2M0YzAiOnsiY3JlYXRlIjo2MDAwMDAwMDAwMDAsImRlbGV0ZSI6NjAwMDAwMDAwMDAwLCJ1cGRhdGUiOjYwMDAwMDAwMDAwMH19",
          "dependencies": [
            "aws_athena_workgroup.dataarchpoc01",
            "aws_glue_catalog_database.gaia_catalog",
            "aws_iam_role.silver_to_gold",
            "data.archive_file.silver_to_gold",
            "module.gold_bucket.aws_s3_bucket.this",
            "module.gold_bucket.aws_s3_directory_bucket.this",
            "module.silver_bucket.aws_s3_bucket.this",
            "module.silver_bucket.aws_s3_directory_bucket.this",
            "random_id.suffix"
          ]
        }
      ]
    },
    {
      "mode": "managed",
      "type": "aws_lambda_permission",
      "name": "allow_bronze_bucket",
      "provider": "provider[\"registry.terraform.io/hashicorp/aws\"]",
      "instances": [
        {
          "schema_version": 0,
          "attributes": {
            "action": "lambda:InvokeFunction",
            "event_source_token": null,
            "function_name": "dataarchpoc01-bronze-to-silver",
            "function_url_auth_type": null,
            "id": "AllowS3Invoke",
            "invoked_via_function_url": null,
            "principal": "s3.amazonaws.com",
            "principal_org_id": null,
            "qualifier": "",
            "region": "eu-north-1",
            "source_account": null,
            "source_arn": "arn:aws:s3:::dataarchpoc01bronze-b88cd8a1",
            "statement_id": "AllowS3Invoke",
            "statement_id_prefix": ""
          },
          "sensitive_attributes": [],
          "identity_schema_version": 0,
          "identity": {
            "account_id": "290768402831",
            "function_name": "dataarchpoc01-bronze-to-silver",
            "qualifier": null,
            "region": "eu-north-1",
            "statement_id": "AllowS3Invoke"
          },
          "private": "bnVsbA==",
          "dependencies": [
            "aws_glue_job.gaia_etl",
            "aws_iam_role.bronze_to_silver",
            "aws_iam_role.glue_etl",
            "aws_lambda_function.bronze_to_silver",
            "aws_s3_object.gaia_etl_script",
            "data.archive_file.bronze_to_silver",
            "module.bronze_bucket.aws_s3_bucket.this",
            "module.silver_bucket.aws_s3_bucket.this",
            "module.silver_bucket.aws_s3_directory_bucket.this",
            "random_id.suffix"
          ]
        }
      ]
    },
    {
      "mode": "managed",
      "type": "aws_lambda_permission",
      "name": "allow_eventbridge_silver_to_gold",
      "provider": "provider[\"registry.terraform.io/hashicorp/aws\"]",
      "instances": [
        {
          "schema_version": 0,
          "attributes": {
            "action": "lambda:InvokeFunction",
            "event_source_token": null,
            "function_name": "dataarchpoc01-silver-to-gold",
            "function_url_auth_type": null,
            "id": "AllowEventBridgeInvoke",
            "invoked_via_function_url": null,
            "principal": "events.amazonaws.com",
            "principal_org_id": null,
            "qualifier": "",
            "region": "eu-north-1",
            "source_account": null,
            "source_arn": null,
            "statement_id": "AllowEventBridgeInvoke",
            "statement_id_prefix": ""
          },
          "sensitive_attributes": [],
          "identity_schema_version": 0,
          "identity": {
            "account_id": "290768402831",
            "function_name": "dataarchpoc01-silver-to-gold",
            "qualifier": null,
            "region": "eu-north-1",
            "statement_id": "AllowEventBridgeInvoke"
          },
          "private": "bnVsbA==",
          "dependencies": [
            "aws_athena_workgroup.dataarchpoc01",
            "aws_glue_catalog_database.gaia_catalog",
            "aws_iam_role.silver_to_gold",
            "aws_lambda_function.silver_to_gold",
            "data.archive_file.silver_to_gold",
            "module.gold_bucket.aws_s3_bucket.this",
            "module.gold_bucket.aws_s3_directory_bucket.this",
            "module.silver_bucket.aws_s3_bucket.this",
            "module.silver_bucket.aws_s3_directory_bucket.this",
            "random_id.suffix"
          ]
        }
      ]
    },
    {
      "mode": "managed",
      "type": "aws_s3_bucket_notification",
      "name": "bronze_trigger",
      "provider": "provider[\"registry.terraform.io/hashicorp/aws\"]",
      "instances": [
        {
          "schema_version": 0,
          "attributes": {
            "bucket": "dataarchpoc01bronze-b88cd8a1",
            "eventbridge": false,
            "id": "dataarchpoc01bronze-b88cd8a1",
            "lambda_function": [
              {
                "events": [
                  "s3:ObjectCreated:*"
                ],
                "filter_prefix": "",
                "filter_suffix": "",
                "id": "tf-s3-lambda-20260505131135680300000001",
                "lambda_function_arn": "arn:aws:lambda:eu-north-1:290768402831:function:dataarchpoc01-bronze-to-silver"
              }
            ],
            "queue": [],
            "region": "eu-north-1",
            "topic": []
          },
          "sensitive_attributes": [],
          "identity_schema_version": 0,
          "identity": {
            "account_id": "290768402831",
            "bucket": "dataarchpoc01bronze-b88cd8a1",
            "region": "eu-north-1"
          },
          "private": "bnVsbA==",
          "dependencies": [
            "aws_glue_job.gaia_etl",
            "aws_iam_role.bronze_to_silver",
            "aws_iam_role.glue_etl",
            "aws_lambda_function.bronze_to_silver",
            "aws_lambda_permission.allow_bronze_bucket",
            "aws_s3_object.gaia_etl_script",
            "data.archive_file.bronze_to_silver",
            "module.bronze_bucket.aws_s3_bucket.this",
            "module.bronze_bucket.aws_s3_directory_bucket.this",
            "module.silver_bucket.aws_s3_bucket.this",
            "module.silver_bucket.aws_s3_directory_bucket.this",
            "random_id.suffix"
          ]
        }
      ]
    },
    {
      "mode": "managed",
      "type": "aws_s3_object",
      "name": "gaia_etl_script",
      "provider": "provider[\"registry.terraform.io/hashicorp/aws\"]",
      "instances": [
        {
          "schema_version": 0,
          "attributes": {
            "acl": null,
            "arn": "arn:aws:s3:::dataarchpoc01silver-b88cd8a1/scripts/gaia_etl.py",
            "bucket": "dataarchpoc01silver-b88cd8a1",
            "bucket_key_enabled": false,
            "cache_control": "",
            "checksum_algorithm": null,
            "checksum_crc32": "",
            "checksum_crc32c": "",
            "checksum_crc64nvme": "",
            "checksum_sha1": "",
            "checksum_sha256": "",
            "content": null,
            "content_base64": null,
            "content_disposition": "",
            "content_encoding": "",
            "content_language": "",
            "content_type": "application/octet-stream",
            "etag": "ccc8a53bae1c462149b3d0137515690c",
            "force_destroy": false,
            "id": "dataarchpoc01silver-b88cd8a1/scripts/gaia_etl.py",
            "key": "scripts/gaia_etl.py",
            "kms_key_id": null,
            "metadata": null,
            "object_lock_legal_hold_status": "",
            "object_lock_mode": "",
            "object_lock_retain_until_date": "",
            "override_provider": [],
            "region": "eu-north-1",
            "server_side_encryption": "AES256",
            "source": "./glue_scripts/gaia_etl.py",
            "source_hash": null,
            "storage_class": "STANDARD",
            "tags": null,
            "tags_all": {
              "Project": "dataarchpoc01"
            },
            "version_id": "",
            "website_redirect": ""
          },
          "sensitive_attributes": [],
          "identity_schema_version": 0,
          "identity": {
            "account_id": "290768402831",
            "bucket": "dataarchpoc01silver-b88cd8a1",
            "key": "scripts/gaia_etl.py",
            "region": "eu-north-1"
          },
          "private": "bnVsbA==",
          "dependencies": [
            "module.silver_bucket.aws_s3_bucket.this",
            "module.silver_bucket.aws_s3_directory_bucket.this",
            "random_id.suffix"
          ]
        }
      ]
    },
    {
      "mode": "managed",
      "type": "random_id",
      "name": "suffix",
      "provider": "provider[\"registry.terraform.io/hashicorp/random\"]",
      "instances": [
        {
          "schema_version": 0,
          "attributes": {
            "b64_std": "uIzYoQ==",
            "b64_url": "uIzYoQ",
            "byte_length": 4,
            "dec": "3096238241",
            "hex": "b88cd8a1",
            "id": "uIzYoQ",
            "keepers": null,
            "prefix": null
          },
          "sensitive_attributes": [],
          "identity_schema_version": 0
        }
      ]
    },
    {
      "module": "module.bronze_bucket",
      "mode": "data",
      "type": "aws_caller_identity",
      "name": "current",
      "provider": "provider[\"registry.terraform.io/hashicorp/aws\"]",
      "instances": [
        {
          "schema_version": 0,
          "attributes": {
            "account_id": "290768402831",
            "arn": "arn:aws:sts::290768402831:assumed-role/AWSReservedSSO_AWSAdministratorAccess_485af8c24b8d4ce9/alvaro.gomez.folgado@sentia.dk",
            "id": "290768402831",
            "user_id": "AROAUHMZFXGHQG3S6725C:alvaro.gomez.folgado@sentia.dk"
          },
          "sensitive_attributes": [],
          "identity_schema_version": 0
        }
      ]
    },
    {
      "module": "module.bronze_bucket",
      "mode": "data",
      "type": "aws_partition",
      "name": "current",
      "provider": "provider[\"registry.terraform.io/hashicorp/aws\"]",
      "instances": [
        {
          "schema_version": 0,
          "attributes": {
            "dns_suffix": "amazonaws.com",
            "id": "aws",
            "partition": "aws",
            "reverse_dns_prefix": "com.amazonaws"
          },
          "sensitive_attributes": [],
          "identity_schema_version": 0
        }
      ]
    },
    {
      "module": "module.bronze_bucket",
      "mode": "data",
      "type": "aws_region",
      "name": "current",
      "provider": "provider[\"registry.terraform.io/hashicorp/aws\"]",
      "instances": [
        {
          "schema_version": 0,
          "attributes": {
            "description": "Europe (Stockholm)",
            "endpoint": "ec2.eu-north-1.amazonaws.com",
            "id": "eu-north-1",
            "name": "eu-north-1",
            "region": "eu-north-1"
          },
          "sensitive_attributes": [],
          "identity_schema_version": 0
        }
      ]
    },
    {
      "module": "module.bronze_bucket",
      "mode": "managed",
      "type": "aws_s3_bucket",
      "name": "this",
      "provider": "provider[\"registry.terraform.io/hashicorp/aws\"]",
      "instances": [
        {
          "index_key": 0,
          "schema_version": 0,
          "attributes": {
            "acceleration_status": "",
            "acl": null,
            "arn": "arn:aws:s3:::dataarchpoc01bronze-b88cd8a1",
            "bucket": "dataarchpoc01bronze-b88cd8a1",
            "bucket_domain_name": "dataarchpoc01bronze-b88cd8a1.s3.amazonaws.com",
            "bucket_namespace": "global",
            "bucket_prefix": "",
            "bucket_region": "eu-north-1",
            "bucket_regional_domain_name": "dataarchpoc01bronze-b88cd8a1.s3.eu-north-1.amazonaws.com",
            "cors_rule": [],
            "force_destroy": true,
            "grant": [
              {
                "id": "959d719acd932c25a53332126496b8b575d0a44cf684537784ca3466c3bad8c8",
                "permissions": [
                  "FULL_CONTROL"
                ],
                "type": "CanonicalUser",
                "uri": ""
              }
            ],
            "hosted_zone_id": "Z3BAZG2TWCNX0D",
            "id": "dataarchpoc01bronze-b88cd8a1",
            "lifecycle_rule": [],
            "logging": [],
            "object_lock_configuration": [],
            "object_lock_enabled": false,
            "policy": "",
            "region": "eu-north-1",
            "replication_configuration": [],
            "request_payer": "BucketOwner",
            "server_side_encryption_configuration": [
              {
                "rule": [
                  {
                    "apply_server_side_encryption_by_default": [
                      {
                        "kms_master_key_id": "",
                        "sse_algorithm": "AES256"
                      }
                    ],
                    "bucket_key_enabled": false
                  }
                ]
              }
            ],
            "tags": null,
            "tags_all": {
              "Project": "dataarchpoc01"
            },
            "timeouts": null,
            "versioning": [
              {
                "enabled": false,
                "mfa_delete": false
              }
            ],
            "website": [],
            "website_domain": null,
            "website_endpoint": null
          },
          "sensitive_attributes": [],
          "identity_schema_version": 0,
          "identity": {
            "account_id": "290768402831",
            "bucket": "dataarchpoc01bronze-b88cd8a1",
            "region": "eu-north-1"
          },
          "private": "eyJlMmJmYjczMC1lY2FhLTExZTYtOGY4OC0zNDM2M2JjN2M0YzAiOnsiY3JlYXRlIjoxMjAwMDAwMDAwMDAwLCJkZWxldGUiOjM2MDAwMDAwMDAwMDAsInJlYWQiOjEyMDAwMDAwMDAwMDAsInVwZGF0ZSI6MTIwMDAwMDAwMDAwMH19",
          "dependencies": [
            "random_id.suffix"
          ]
        }
      ]
    },
    {
      "module": "module.bronze_bucket",
      "mode": "managed",
      "type": "aws_s3_bucket_public_access_block",
      "name": "this",
      "provider": "provider[\"registry.terraform.io/hashicorp/aws\"]",
      "instances": [
        {
          "index_key": 0,
          "schema_version": 0,
          "attributes": {
            "block_public_acls": true,
            "block_public_policy": true,
            "bucket": "dataarchpoc01bronze-b88cd8a1",
            "id": "dataarchpoc01bronze-b88cd8a1",
            "ignore_public_acls": true,
            "region": "eu-north-1",
            "restrict_public_buckets": true,
            "skip_destroy": true
          },
          "sensitive_attributes": [],
          "identity_schema_version": 0,
          "identity": {
            "account_id": "290768402831",
            "bucket": "dataarchpoc01bronze-b88cd8a1",
            "region": "eu-north-1"
          },
          "private": "bnVsbA==",
          "dependencies": [
            "module.bronze_bucket.aws_s3_bucket.this",
            "random_id.suffix"
          ]
        }
      ]
    },
    {
      "module": "module.gold_bucket",
      "mode": "data",
      "type": "aws_caller_identity",
      "name": "current",
      "provider": "provider[\"registry.terraform.io/hashicorp/aws\"]",
      "instances": [
        {
          "schema_version": 0,
          "attributes": {
            "account_id": "290768402831",
            "arn": "arn:aws:sts::290768402831:assumed-role/AWSReservedSSO_AWSAdministratorAccess_485af8c24b8d4ce9/alvaro.gomez.folgado@sentia.dk",
            "id": "290768402831",
            "user_id": "AROAUHMZFXGHQG3S6725C:alvaro.gomez.folgado@sentia.dk"
          },
          "sensitive_attributes": [],
          "identity_schema_version": 0
        }
      ]
    },
    {
      "module": "module.gold_bucket",
      "mode": "data",
      "type": "aws_partition",
      "name": "current",
      "provider": "provider[\"registry.terraform.io/hashicorp/aws\"]",
      "instances": [
        {
          "schema_version": 0,
          "attributes": {
            "dns_suffix": "amazonaws.com",
            "id": "aws",
            "partition": "aws",
            "reverse_dns_prefix": "com.amazonaws"
          },
          "sensitive_attributes": [],
          "identity_schema_version": 0
        }
      ]
    },
    {
      "module": "module.gold_bucket",
      "mode": "data",
      "type": "aws_region",
      "name": "current",
      "provider": "provider[\"registry.terraform.io/hashicorp/aws\"]",
      "instances": [
        {
          "schema_version": 0,
          "attributes": {
            "description": "Europe (Stockholm)",
            "endpoint": "ec2.eu-north-1.amazonaws.com",
            "id": "eu-north-1",
            "name": "eu-north-1",
            "region": "eu-north-1"
          },
          "sensitive_attributes": [],
          "identity_schema_version": 0
        }
      ]
    },
    {
      "module": "module.gold_bucket",
      "mode": "managed",
      "type": "aws_s3_bucket",
      "name": "this",
      "provider": "provider[\"registry.terraform.io/hashicorp/aws\"]",
      "instances": [
        {
          "index_key": 0,
          "schema_version": 0,
          "attributes": {
            "acceleration_status": "",
            "acl": null,
            "arn": "arn:aws:s3:::dataarchpoc01gold-b88cd8a1",
            "bucket": "dataarchpoc01gold-b88cd8a1",
            "bucket_domain_name": "dataarchpoc01gold-b88cd8a1.s3.amazonaws.com",
            "bucket_namespace": "global",
            "bucket_prefix": "",
            "bucket_region": "eu-north-1",
            "bucket_regional_domain_name": "dataarchpoc01gold-b88cd8a1.s3.eu-north-1.amazonaws.com",
            "cors_rule": [],
            "force_destroy": true,
            "grant": [
              {
                "id": "959d719acd932c25a53332126496b8b575d0a44cf684537784ca3466c3bad8c8",
                "permissions": [
                  "FULL_CONTROL"
                ],
                "type": "CanonicalUser",
                "uri": ""
              }
            ],
            "hosted_zone_id": "Z3BAZG2TWCNX0D",
            "id": "dataarchpoc01gold-b88cd8a1",
            "lifecycle_rule": [],
            "logging": [],
            "object_lock_configuration": [],
            "object_lock_enabled": false,
            "policy": "",
            "region": "eu-north-1",
            "replication_configuration": [],
            "request_payer": "BucketOwner",
            "server_side_encryption_configuration": [
              {
                "rule": [
                  {
                    "apply_server_side_encryption_by_default": [
                      {
                        "kms_master_key_id": "",
                        "sse_algorithm": "AES256"
                      }
                    ],
                    "bucket_key_enabled": false
                  }
                ]
              }
            ],
            "tags": null,
            "tags_all": {
              "Project": "dataarchpoc01"
            },
            "timeouts": null,
            "versioning": [
              {
                "enabled": false,
                "mfa_delete": false
              }
            ],
            "website": [],
            "website_domain": null,
            "website_endpoint": null
          },
          "sensitive_attributes": [],
          "identity_schema_version": 0,
          "identity": {
            "account_id": "290768402831",
            "bucket": "dataarchpoc01gold-b88cd8a1",
            "region": "eu-north-1"
          },
          "private": "eyJlMmJmYjczMC1lY2FhLTExZTYtOGY4OC0zNDM2M2JjN2M0YzAiOnsiY3JlYXRlIjoxMjAwMDAwMDAwMDAwLCJkZWxldGUiOjM2MDAwMDAwMDAwMDAsInJlYWQiOjEyMDAwMDAwMDAwMDAsInVwZGF0ZSI6MTIwMDAwMDAwMDAwMH19",
          "dependencies": [
            "random_id.suffix"
          ]
        }
      ]
    },
    {
      "module": "module.gold_bucket",
      "mode": "managed",
      "type": "aws_s3_bucket_public_access_block",
      "name": "this",
      "provider": "provider[\"registry.terraform.io/hashicorp/aws\"]",
      "instances": [
        {
          "index_key": 0,
          "schema_version": 0,
          "attributes": {
            "block_public_acls": true,
            "block_public_policy": true,
            "bucket": "dataarchpoc01gold-b88cd8a1",
            "id": "dataarchpoc01gold-b88cd8a1",
            "ignore_public_acls": true,
            "region": "eu-north-1",
            "restrict_public_buckets": true,
            "skip_destroy": true
          },
          "sensitive_attributes": [],
          "identity_schema_version": 0,
          "identity": {
            "account_id": "290768402831",
            "bucket": "dataarchpoc01gold-b88cd8a1",
            "region": "eu-north-1"
          },
          "private": "bnVsbA==",
          "dependencies": [
            "module.gold_bucket.aws_s3_bucket.this",
            "random_id.suffix"
          ]
        }
      ]
    },
    {
      "module": "module.silver_bucket",
      "mode": "data",
      "type": "aws_caller_identity",
      "name": "current",
      "provider": "provider[\"registry.terraform.io/hashicorp/aws\"]",
      "instances": [
        {
          "schema_version": 0,
          "attributes": {
            "account_id": "290768402831",
            "arn": "arn:aws:sts::290768402831:assumed-role/AWSReservedSSO_AWSAdministratorAccess_485af8c24b8d4ce9/alvaro.gomez.folgado@sentia.dk",
            "id": "290768402831",
            "user_id": "AROAUHMZFXGHQG3S6725C:alvaro.gomez.folgado@sentia.dk"
          },
          "sensitive_attributes": [],
          "identity_schema_version": 0
        }
      ]
    },
    {
      "module": "module.silver_bucket",
      "mode": "data",
      "type": "aws_partition",
      "name": "current",
      "provider": "provider[\"registry.terraform.io/hashicorp/aws\"]",
      "instances": [
        {
          "schema_version": 0,
          "attributes": {
            "dns_suffix": "amazonaws.com",
            "id": "aws",
            "partition": "aws",
            "reverse_dns_prefix": "com.amazonaws"
          },
          "sensitive_attributes": [],
          "identity_schema_version": 0
        }
      ]
    },
    {
      "module": "module.silver_bucket",
      "mode": "data",
      "type": "aws_region",
      "name": "current",
      "provider": "provider[\"registry.terraform.io/hashicorp/aws\"]",
      "instances": [
        {
          "schema_version": 0,
          "attributes": {
            "description": "Europe (Stockholm)",
            "endpoint": "ec2.eu-north-1.amazonaws.com",
            "id": "eu-north-1",
            "name": "eu-north-1",
            "region": "eu-north-1"
          },
          "sensitive_attributes": [],
          "identity_schema_version": 0
        }
      ]
    },
    {
      "module": "module.silver_bucket",
      "mode": "managed",
      "type": "aws_s3_bucket",
      "name": "this",
      "provider": "provider[\"registry.terraform.io/hashicorp/aws\"]",
      "instances": [
        {
          "index_key": 0,
          "schema_version": 0,
          "attributes": {
            "acceleration_status": "",
            "acl": null,
            "arn": "arn:aws:s3:::dataarchpoc01silver-b88cd8a1",
            "bucket": "dataarchpoc01silver-b88cd8a1",
            "bucket_domain_name": "dataarchpoc01silver-b88cd8a1.s3.amazonaws.com",
            "bucket_namespace": "global",
            "bucket_prefix": "",
            "bucket_region": "eu-north-1",
            "bucket_regional_domain_name": "dataarchpoc01silver-b88cd8a1.s3.eu-north-1.amazonaws.com",
            "cors_rule": [],
            "force_destroy": true,
            "grant": [
              {
                "id": "959d719acd932c25a53332126496b8b575d0a44cf684537784ca3466c3bad8c8",
                "permissions": [
                  "FULL_CONTROL"
                ],
                "type": "CanonicalUser",
                "uri": ""
              }
            ],
            "hosted_zone_id": "Z3BAZG2TWCNX0D",
            "id": "dataarchpoc01silver-b88cd8a1",
            "lifecycle_rule": [],
            "logging": [],
            "object_lock_configuration": [],
            "object_lock_enabled": false,
            "policy": "",
            "region": "eu-north-1",
            "replication_configuration": [],
            "request_payer": "BucketOwner",
            "server_side_encryption_configuration": [
              {
                "rule": [
                  {
                    "apply_server_side_encryption_by_default": [
                      {
                        "kms_master_key_id": "",
                        "sse_algorithm": "AES256"
                      }
                    ],
                    "bucket_key_enabled": false
                  }
                ]
              }
            ],
            "tags": null,
            "tags_all": {
              "Project": "dataarchpoc01"
            },
            "timeouts": null,
            "versioning": [
              {
                "enabled": false,
                "mfa_delete": false
              }
            ],
            "website": [],
            "website_domain": null,
            "website_endpoint": null
          },
          "sensitive_attributes": [],
          "identity_schema_version": 0,
          "identity": {
            "account_id": "290768402831",
            "bucket": "dataarchpoc01silver-b88cd8a1",
            "region": "eu-north-1"
          },
          "private": "eyJlMmJmYjczMC1lY2FhLTExZTYtOGY4OC0zNDM2M2JjN2M0YzAiOnsiY3JlYXRlIjoxMjAwMDAwMDAwMDAwLCJkZWxldGUiOjM2MDAwMDAwMDAwMDAsInJlYWQiOjEyMDAwMDAwMDAwMDAsInVwZGF0ZSI6MTIwMDAwMDAwMDAwMH19",
          "dependencies": [
            "random_id.suffix"
          ]
        }
      ]
    },
    {
      "module": "module.silver_bucket",
      "mode": "managed",
      "type": "aws_s3_bucket_public_access_block",
      "name": "this",
      "provider": "provider[\"registry.terraform.io/hashicorp/aws\"]",
      "instances": [
        {
          "index_key": 0,
          "schema_version": 0,
          "attributes": {
            "block_public_acls": true,
            "block_public_policy": true,
            "bucket": "dataarchpoc01silver-b88cd8a1",
            "id": "dataarchpoc01silver-b88cd8a1",
            "ignore_public_acls": true,
            "region": "eu-north-1",
            "restrict_public_buckets": true,
            "skip_destroy": true
          },
          "sensitive_attributes": [],
          "identity_schema_version": 0,
          "identity": {
            "account_id": "290768402831",
            "bucket": "dataarchpoc01silver-b88cd8a1",
            "region": "eu-north-1"
          },
          "private": "bnVsbA==",
          "dependencies": [
            "module.silver_bucket.aws_s3_bucket.this",
            "random_id.suffix"
          ]
        }
      ]
    }
  ],
  "check_results": null
}
